Microsoft Visual Studio Solution File, Format Version 12.00
# Visual Studio Version 17
VisualStudioVersion = 17.8.34330.188
MinimumVisualStudioVersion = 10.0.40219.1
Project("{9A19103F-16F7-4668-BE54-9A1E7A4F7556}") = "SampleModule", "SampleModule\SampleModule.csproj", "{B6CF25F5-BFE5-4183-B81F-80A69FF96DE5}"
EndProject
Project("{9A19103F-16F7-4668-BE54-9A1E7A4F7556}") = "MonkeyIslandWheelModule", "MonkeyIslandWheelModule\MonkeyIslandWheelModule.csproj", "{8251B04F-7188-432C-B1FA-73A3665202E1}"
EndProject
Project("{2150E333-8FDC-42A3-9474-1A3956D46DE8}") = "Solution Items", "Solution Items", "{6A0A9AE3-39C4-4E6C-AA66-A29885AE7C90}"
	ProjectSection(SolutionItems) = preProject
		UGC.targets = UGC.targets
	EndProjectSection
EndProject
Project("{9A19103F-16F7-4668-BE54-9A1E7A4F7556}") = "AnimatedPlaneModule", "AnimatedPlaneModule\AnimatedPlaneModule.csproj", "{A69EB7C3-52A2-40A3-8334-587F3F31090A}"
EndProject
Project("{9A19103F-16F7-4668-BE54-9A1E7A4F7556}") = "GenericKeyboardModule", "GenericKeyboardModule\GenericKeyboardModule.csproj", "{41FBDD2F-384A-4B47-83DC-4D79B03BAE3F}"
EndProject
Project("{9A19103F-16F7-4668-BE54-9A1E7A4F7556}") = "GenericDoorModule", "GenericDoorModule\GenericDoorModule.csproj", "{F410C2B3-DD5A-466D-B908-3FA44A5C208A}"
EndProject
Project("{9A19103F-16F7-4668-BE54-9A1E7A4F7556}") = "HomeAssistantModule", "HomeAssistant\HomeAssistantModule.csproj", "{FE158C89-4D25-47BC-BCB2-3CC0AB611581}"
EndProject
Project("{2150E333-8FDC-42A3-9474-1A3956D46DE8}") = "Arcade", "Arcade", "{08839535-A938-40AF-BBE4-C23FB0AC68CA}"
EndProject
Project("{9A19103F-16F7-4668-BE54-9A1E7A4F7556}") = "DragonBallModule", "DragonBallModule\DragonBallModule.csproj", "{968F06BC-DF03-4C28-8611-3CEFCD4E0AB9}"
EndProject
Project("{9A19103F-16F7-4668-BE54-9A1E7A4F7556}") = "abcMotionSimModule", "Arcade\abcMotionSimModule\abcMotionSimModule.csproj", "{33CB181C-F3D9-4C13-A2F1-B1126FC02EA9}"
EndProject
Project("{9A19103F-16F7-4668-BE54-9A1E7A4F7556}") = "aliensymSimModule", "Arcade\aliensymSimModule\aliensymSimModule.csproj", "{D9980F67-EE56-4D33-ACDB-884EC7A5BA12}"
EndProject
Project("{9A19103F-16F7-4668-BE54-9A1E7A4F7556}") = "beatmaniaLightSimModule", "Arcade\beatmaniaLightSimModule\beatmaniaLightSimModule.csproj", "{B77CFA10-A8D9-4AA6-8541-0A2D23DF1B61}"
EndProject
Project("{9A19103F-16F7-4668-BE54-9A1E7A4F7556}") = "chasehqSimModule", "Arcade\chasehqSimModule\chasehqSimModule.csproj", "{EE3CF015-19B3-4433-A1EA-34E924143897}"
EndProject
Project("{9A19103F-16F7-4668-BE54-9A1E7A4F7556}") = "ddrLightSimModule", "Arcade\ddrLightSimModule\ddrLightSimModule.csproj", "{9A93199D-97F5-4A3E-9776-818822F833E4}"
EndProject
Project("{9A19103F-16F7-4668-BE54-9A1E7A4F7556}") = "metalhawkMotionSimModule", "Arcade\metalhawkMotionSimModule\metalhawkMotionSimModule.csproj", "{4EDAA749-04C1-4537-9808-8609CB3536B2}"
EndProject
Project("{9A19103F-16F7-4668-BE54-9A1E7A4F7556}") = "aburnerMotionSimModule", "Arcade\aburnerMotionSimModule\aburnerMotionSimModule.csproj", "{476B7105-68A3-42EA-8B91-34E52433B43B}"
EndProject
Project("{9A19103F-16F7-4668-BE54-9A1E7A4F7556}") = "apbSimModule", "Arcade\apbSimModule\apbSimModule.csproj", "{281714AC-3392-464C-A58A-31B2704208CE}"
EndProject
Project("{9A19103F-16F7-4668-BE54-9A1E7A4F7556}") = "arcadeControllerMotionSimModule", "Arcade\arcadeControllerMotionSimModule\arcadeControllerMotionSimModule.csproj", "{8E6ED7ED-C96C-49AC-9A77-55C9602A260F}"
EndProject
Project("{9A19103F-16F7-4668-BE54-9A1E7A4F7556}") = "gforce2MotionSimModule", "Arcade\gforce2MotionSimModule\gforce2MotionSimModule.csproj", "{CAAC8663-D000-4914-9DEF-9FDE01E66BEB}"
EndProject
Project("{9A19103F-16F7-4668-BE54-9A1E7A4F7556}") = "hangonMotionSimModule", "Arcade\hangonMotionSimModule\hangonMotionSimModule.csproj", "{0EE331EE-08C4-43BA-90A3-2704FF11AA82}"
EndProject
Project("{9A19103F-16F7-4668-BE54-9A1E7A4F7556}") = "outrunMotionSimModule", "Arcade\outrunMotionSimModule\outrunMotionSimModule.csproj", "{20C618AB-3D33-4A53-B658-2FBFDBE23953}"
EndProject
Project("{9A19103F-16F7-4668-BE54-9A1E7A4F7556}") = "pdriftMotionSimModule", "Arcade\pdriftMotionSimModule\pdriftMotionSimModule.csproj", "{704C43D8-EEFA-49F5-B557-F015F976CA6D}"
EndProject
Project("{9A19103F-16F7-4668-BE54-9A1E7A4F7556}") = "r360MotionSimModule", "Arcade\r360MotionSimModule\r360MotionSimModule.csproj", "{BC8A566F-AFDE-44EE-97CF-314E333C709E}"
EndProject
Project("{9A19103F-16F7-4668-BE54-9A1E7A4F7556}") = "radmMotionSimModule", "Arcade\radmMotionSimModule\radmMotionSimModule.csproj", "{C61E310A-11AF-4487-A12F-31DC906F7C86}"
EndProject
Project("{9A19103F-16F7-4668-BE54-9A1E7A4F7556}") = "sharrierMotionSimModule", "Arcade\sharrierMotionSimModule\sharrierMotionSimModule.csproj", "{48B430D2-3F9A-4140-B002-740C6AD107A8}"
EndProject
Project("{9A19103F-16F7-4668-BE54-9A1E7A4F7556}") = "tapperMotionSimModule", "Arcade\tapperMotionSimModule\tapperMotionSimModule.csproj", "{7BB243E0-3748-4AD3-B2C3-925AF68CAC0C}"
EndProject
Project("{9A19103F-16F7-4668-BE54-9A1E7A4F7556}") = "tbladeMotionSimModule", "Arcade\tbladeMotionSimModule\tbladeMotionSimModule.csproj", "{25EAAF1A-5C6B-4C33-8F39-70F4E2688A8C}"
EndProject
Global
	GlobalSection(SolutionConfigurationPlatforms) = preSolution
		Debug|Any CPU = Debug|Any CPU
		Release|Any CPU = Release|Any CPU
	EndGlobalSection
	GlobalSection(ProjectConfigurationPlatforms) = postSolution
		{B6CF25F5-BFE5-4183-B81F-80A69FF96DE5}.Debug|Any CPU.ActiveCfg = Debug|Any CPU
		{B6CF25F5-BFE5-4183-B81F-80A69FF96DE5}.Debug|Any CPU.Build.0 = Debug|Any CPU
		{B6CF25F5-BFE5-4183-B81F-80A69FF96DE5}.Release|Any CPU.ActiveCfg = Release|Any CPU
		{B6CF25F5-BFE5-4183-B81F-80A69FF96DE5}.Release|Any CPU.Build.0 = Release|Any CPU
		{8251B04F-7188-432C-B1FA-73A3665202E1}.Debug|Any CPU.ActiveCfg = Debug|Any CPU
		{8251B04F-7188-432C-B1FA-73A3665202E1}.Debug|Any CPU.Build.0 = Debug|Any CPU
		{8251B04F-7188-432C-B1FA-73A3665202E1}.Release|Any CPU.ActiveCfg = Release|Any CPU
		{8251B04F-7188-432C-B1FA-73A3665202E1}.Release|Any CPU.Build.0 = Release|Any CPU
		{A69EB7C3-52A2-40A3-8334-587F3F31090A}.Debug|Any CPU.ActiveCfg = Debug|Any CPU
		{A69EB7C3-52A2-40A3-8334-587F3F31090A}.Debug|Any CPU.Build.0 = Debug|Any CPU
		{A69EB7C3-52A2-40A3-8334-587F3F31090A}.Release|Any CPU.ActiveCfg = Release|Any CPU
		{A69EB7C3-52A2-40A3-8334-587F3F31090A}.Release|Any CPU.Build.0 = Release|Any CPU
		{41FBDD2F-384A-4B47-83DC-4D79B03BAE3F}.Debug|Any CPU.ActiveCfg = Debug|Any CPU
		{41FBDD2F-384A-4B47-83DC-4D79B03BAE3F}.Debug|Any CPU.Build.0 = Debug|Any CPU
		{41FBDD2F-384A-4B47-83DC-4D79B03BAE3F}.Release|Any CPU.ActiveCfg = Release|Any CPU
		{41FBDD2F-384A-4B47-83DC-4D79B03BAE3F}.Release|Any CPU.Build.0 = Release|Any CPU
		{F410C2B3-DD5A-466D-B908-3FA44A5C208A}.Debug|Any CPU.ActiveCfg = Debug|Any CPU
		{F410C2B3-DD5A-466D-B908-3FA44A5C208A}.Debug|Any CPU.Build.0 = Debug|Any CPU
		{F410C2B3-DD5A-466D-B908-3FA44A5C208A}.Release|Any CPU.ActiveCfg = Release|Any CPU
		{F410C2B3-DD5A-466D-B908-3FA44A5C208A}.Release|Any CPU.Build.0 = Release|Any CPU
		{FE158C89-4D25-47BC-BCB2-3CC0AB611581}.Debug|Any CPU.ActiveCfg = Debug|Any CPU
		{FE158C89-4D25-47BC-BCB2-3CC0AB611581}.Debug|Any CPU.Build.0 = Debug|Any CPU
		{FE158C89-4D25-47BC-BCB2-3CC0AB611581}.Release|Any CPU.ActiveCfg = Release|Any CPU
		{FE158C89-4D25-47BC-BCB2-3CC0AB611581}.Release|Any CPU.Build.0 = Release|Any CPU
		{968F06BC-DF03-4C28-8611-3CEFCD4E0AB9}.Debug|Any CPU.ActiveCfg = Debug|Any CPU
		{968F06BC-DF03-4C28-8611-3CEFCD4E0AB9}.Debug|Any CPU.Build.0 = Debug|Any CPU
		{968F06BC-DF03-4C28-8611-3CEFCD4E0AB9}.Release|Any CPU.ActiveCfg = Release|Any CPU
		{968F06BC-DF03-4C28-8611-3CEFCD4E0AB9}.Release|Any CPU.Build.0 = Release|Any CPU
		{33CB181C-F3D9-4C13-A2F1-B1126FC02EA9}.Debug|Any CPU.ActiveCfg = Debug|Any CPU
		{33CB181C-F3D9-4C13-A2F1-B1126FC02EA9}.Debug|Any CPU.Build.0 = Debug|Any CPU
		{33CB181C-F3D9-4C13-A2F1-B1126FC02EA9}.Release|Any CPU.ActiveCfg = Release|Any CPU
		{33CB181C-F3D9-4C13-A2F1-B1126FC02EA9}.Release|Any CPU.Build.0 = Release|Any CPU
		{D9980F67-EE56-4D33-ACDB-884EC7A5BA12}.Debug|Any CPU.ActiveCfg = Debug|Any CPU
		{D9980F67-EE56-4D33-ACDB-884EC7A5BA12}.Debug|Any CPU.Build.0 = Debug|Any CPU
		{D9980F67-EE56-4D33-ACDB-884EC7A5BA12}.Release|Any CPU.ActiveCfg = Release|Any CPU
		{D9980F67-EE56-4D33-ACDB-884EC7A5BA12}.Release|Any CPU.Build.0 = Release|Any CPU
		{B77CFA10-A8D9-4AA6-8541-0A2D23DF1B61}.Debug|Any CPU.ActiveCfg = Debug|Any CPU
		{B77CFA10-A8D9-4AA6-8541-0A2D23DF1B61}.Debug|Any CPU.Build.0 = Debug|Any CPU
		{B77CFA10-A8D9-4AA6-8541-0A2D23DF1B61}.Release|Any CPU.ActiveCfg = Release|Any CPU
		{B77CFA10-A8D9-4AA6-8541-0A2D23DF1B61}.Release|Any CPU.Build.0 = Release|Any CPU
		{EE3CF015-19B3-4433-A1EA-34E924143897}.Debug|Any CPU.ActiveCfg = Debug|Any CPU
		{EE3CF015-19B3-4433-A1EA-34E924143897}.Debug|Any CPU.Build.0 = Debug|Any CPU
		{EE3CF015-19B3-4433-A1EA-34E924143897}.Release|Any CPU.ActiveCfg = Release|Any CPU
		{EE3CF015-19B3-4433-A1EA-34E924143897}.Release|Any CPU.Build.0 = Release|Any CPU
		{9A93199D-97F5-4A3E-9776-818822F833E4}.Debug|Any CPU.ActiveCfg = Debug|Any CPU
		{9A93199D-97F5-4A3E-9776-818822F833E4}.Debug|Any CPU.Build.0 = Debug|Any CPU
		{9A93199D-97F5-4A3E-9776-818822F833E4}.Release|Any CPU.ActiveCfg = Release|Any CPU
		{9A93199D-97F5-4A3E-9776-818822F833E4}.Release|Any CPU.Build.0 = Release|Any CPU
		{4EDAA749-04C1-4537-9808-8609CB3536B2}.Debug|Any CPU.ActiveCfg = Debug|Any CPU
		{4EDAA749-04C1-4537-9808-8609CB3536B2}.Debug|Any CPU.Build.0 = Debug|Any CPU
		{4EDAA749-04C1-4537-9808-8609CB3536B2}.Release|Any CPU.ActiveCfg = Release|Any CPU
		{4EDAA749-04C1-4537-9808-8609CB3536B2}.Release|Any CPU.Build.0 = Release|Any CPU
		{476B7105-68A3-42EA-8B91-34E52433B43B}.Debug|Any CPU.ActiveCfg = Debug|Any CPU
		{476B7105-68A3-42EA-8B91-34E52433B43B}.Debug|Any CPU.Build.0 = Debug|Any CPU
		{476B7105-68A3-42EA-8B91-34E52433B43B}.Release|Any CPU.ActiveCfg = Release|Any CPU
		{476B7105-68A3-42EA-8B91-34E52433B43B}.Release|Any CPU.Build.0 = Release|Any CPU
		{281714AC-3392-464C-A58A-31B2704208CE}.Debug|Any CPU.ActiveCfg = Debug|Any CPU
		{281714AC-3392-464C-A58A-31B2704208CE}.Debug|Any CPU.Build.0 = Debug|Any CPU
		{281714AC-3392-464C-A58A-31B2704208CE}.Release|Any CPU.ActiveCfg = Release|Any CPU
		{281714AC-3392-464C-A58A-31B2704208CE}.Release|Any CPU.Build.0 = Release|Any CPU
		{8E6ED7ED-C96C-49AC-9A77-55C9602A260F}.Debug|Any CPU.ActiveCfg = Debug|Any CPU
		{8E6ED7ED-C96C-49AC-9A77-55C9602A260F}.Debug|Any CPU.Build.0 = Debug|Any CPU
		{8E6ED7ED-C96C-49AC-9A77-55C9602A260F}.Release|Any CPU.ActiveCfg = Release|Any CPU
		{8E6ED7ED-C96C-49AC-9A77-55C9602A260F}.Release|Any CPU.Build.0 = Release|Any CPU
		{CAAC8663-D000-4914-9DEF-9FDE01E66BEB}.Debug|Any CPU.ActiveCfg = Debug|Any CPU
		{CAAC8663-D000-4914-9DEF-9FDE01E66BEB}.Debug|Any CPU.Build.0 = Debug|Any CPU
		{CAAC8663-D000-4914-9DEF-9FDE01E66BEB}.Release|Any CPU.ActiveCfg = Release|Any CPU
		{CAAC8663-D000-4914-9DEF-9FDE01E66BEB}.Release|Any CPU.Build.0 = Release|Any CPU
		{0EE331EE-08C4-43BA-90A3-2704FF11AA82}.Debug|Any CPU.ActiveCfg = Debug|Any CPU
		{0EE331EE-08C4-43BA-90A3-2704FF11AA82}.Debug|Any CPU.Build.0 = Debug|Any CPU
		{0EE331EE-08C4-43BA-90A3-2704FF11AA82}.Release|Any CPU.ActiveCfg = Release|Any CPU
		{0EE331EE-08C4-43BA-90A3-2704FF11AA82}.Release|Any CPU.Build.0 = Release|Any CPU
		{20C618AB-3D33-4A53-B658-2FBFDBE23953}.Debug|Any CPU.ActiveCfg = Debug|Any CPU
		{20C618AB-3D33-4A53-B658-2FBFDBE23953}.Debug|Any CPU.Build.0 = Debug|Any CPU
		{20C618AB-3D33-4A53-B658-2FBFDBE23953}.Release|Any CPU.ActiveCfg = Release|Any CPU
		{20C618AB-3D33-4A53-B658-2FBFDBE23953}.Release|Any CPU.Build.0 = Release|Any CPU
		{704C43D8-EEFA-49F5-B557-F015F976CA6D}.Debug|Any CPU.ActiveCfg = Debug|Any CPU
		{704C43D8-EEFA-49F5-B557-F015F976CA6D}.Debug|Any CPU.Build.0 = Debug|Any CPU
		{704C43D8-EEFA-49F5-B557-F015F976CA6D}.Release|Any CPU.ActiveCfg = Release|Any CPU
		{704C43D8-EEFA-49F5-B557-F015F976CA6D}.Release|Any CPU.Build.0 = Release|Any CPU
		{BC8A566F-AFDE-44EE-97CF-314E333C709E}.Debug|Any CPU.ActiveCfg = Debug|Any CPU
		{BC8A566F-AFDE-44EE-97CF-314E333C709E}.Debug|Any CPU.Build.0 = Debug|Any CPU
		{BC8A566F-AFDE-44EE-97CF-314E333C709E}.Release|Any CPU.ActiveCfg = Release|Any CPU
		{BC8A566F-AFDE-44EE-97CF-314E333C709E}.Release|Any CPU.Build.0 = Release|Any CPU
		{C61E310A-11AF-4487-A12F-31DC906F7C86}.Debug|Any CPU.ActiveCfg = Debug|Any CPU
		{C61E310A-11AF-4487-A12F-31DC906F7C86}.Debug|Any CPU.Build.0 = Debug|Any CPU
		{C61E310A-11AF-4487-A12F-31DC906F7C86}.Release|Any CPU.ActiveCfg = Release|Any CPU
		{C61E310A-11AF-4487-A12F-31DC906F7C86}.Release|Any CPU.Build.0 = Release|Any CPU
		{48B430D2-3F9A-4140-B002-740C6AD107A8}.Debug|Any CPU.ActiveCfg = Debug|Any CPU
		{48B430D2-3F9A-4140-B002-740C6AD107A8}.Debug|Any CPU.Build.0 = Debug|Any CPU
		{48B430D2-3F9A-4140-B002-740C6AD107A8}.Release|Any CPU.ActiveCfg = Release|Any CPU
		{48B430D2-3F9A-4140-B002-740C6AD107A8}.Release|Any CPU.Build.0 = Release|Any CPU
		{7BB243E0-3748-4AD3-B2C3-925AF68CAC0C}.Debug|Any CPU.ActiveCfg = Debug|Any CPU
		{7BB243E0-3748-4AD3-B2C3-925AF68CAC0C}.Debug|Any CPU.Build.0 = Debug|Any CPU
		{7BB243E0-3748-4AD3-B2C3-925AF68CAC0C}.Release|Any CPU.ActiveCfg = Release|Any CPU
		{7BB243E0-3748-4AD3-B2C3-925AF68CAC0C}.Release|Any CPU.Build.0 = Release|Any CPU
		{25EAAF1A-5C6B-4C33-8F39-70F4E2688A8C}.Debug|Any CPU.ActiveCfg = Debug|Any CPU
		{25EAAF1A-5C6B-4C33-8F39-70F4E2688A8C}.Debug|Any CPU.Build.0 = Debug|Any CPU
		{25EAAF1A-5C6B-4C33-8F39-70F4E2688A8C}.Release|Any CPU.ActiveCfg = Release|Any CPU
		{25EAAF1A-5C6B-4C33-8F39-70F4E2688A8C}.Release|Any CPU.Build.0 = Release|Any CPU
	EndGlobalSection
	GlobalSection(SolutionProperties) = preSolution
		HideSolutionNode = FALSE
	EndGlobalSection
	GlobalSection(NestedProjects) = preSolution
		{33CB181C-F3D9-4C13-A2F1-B1126FC02EA9} = {08839535-A938-40AF-BBE4-C23FB0AC68CA}
		{D9980F67-EE56-4D33-ACDB-884EC7A5BA12} = {08839535-A938-40AF-BBE4-C23FB0AC68CA}
		{B77CFA10-A8D9-4AA6-8541-0A2D23DF1B61} = {08839535-A938-40AF-BBE4-C23FB0AC68CA}
		{EE3CF015-19B3-4433-A1EA-34E924143897} = {08839535-A938-40AF-BBE4-C23FB0AC68CA}
		{9A93199D-97F5-4A3E-9776-818822F833E4} = {08839535-A938-40AF-BBE4-C23FB0AC68CA}
		{4EDAA749-04C1-4537-9808-8609CB3536B2} = {08839535-A938-40AF-BBE4-C23FB0AC68CA}
		{476B7105-68A3-42EA-8B91-34E52433B43B} = {08839535-A938-40AF-BBE4-C23FB0AC68CA}
		{281714AC-3392-464C-A58A-31B2704208CE} = {08839535-A938-40AF-BBE4-C23FB0AC68CA}
		{8E6ED7ED-C96C-49AC-9A77-55C9602A260F} = {08839535-A938-40AF-BBE4-C23FB0AC68CA}
		{CAAC8663-D000-4914-9DEF-9FDE01E66BEB} = {08839535-A938-40AF-BBE4-C23FB0AC68CA}
		{0EE331EE-08C4-43BA-90A3-2704FF11AA82} = {08839535-A938-40AF-BBE4-C23FB0AC68CA}
		{20C618AB-3D33-4A53-B658-2FBFDBE23953} = {08839535-A938-40AF-BBE4-C23FB0AC68CA}
		{704C43D8-EEFA-49F5-B557-F015F976CA6D} = {08839535-A938-40AF-BBE4-C23FB0AC68CA}
		{BC8A566F-AFDE-44EE-97CF-314E333C709E} = {08839535-A938-40AF-BBE4-C23FB0AC68CA}
		{C61E310A-11AF-4487-A12F-31DC906F7C86} = {08839535-A938-40AF-BBE4-C23FB0AC68CA}
		{48B430D2-3F9A-4140-B002-740C6AD107A8} = {08839535-A938-40AF-BBE4-C23FB0AC68CA}
		{7BB243E0-3748-4AD3-B2C3-925AF68CAC0C} = {08839535-A938-40AF-BBE4-C23FB0AC68CA}
		{25EAAF1A-5C6B-4C33-8F39-70F4E2688A8C} = {08839535-A938-40AF-BBE4-C23FB0AC68CA}
	EndGlobalSection
	GlobalSection(ExtensibilityGlobals) = postSolution
		SolutionGuid = {2F12A516-12D8-4578-A376-EC4ADBE5C210}
	EndGlobalSection
EndGlobal
