
Microsoft Visual Studio Solution File, Format Version 12.00
# Visual Studio Version 17
VisualStudioVersion = 17.10.35122.118
MinimumVisualStudioVersion = 10.0.40219.1
Project("{9A19103F-16F7-4668-BE54-9A1E7A4F7556}") = "tapperSimModule", "tapperSimModule.csproj", "{95202D5C-CFD4-449B-A4EF-877A31A8A5ED}"
EndProject
Global
	GlobalSection(SolutionConfigurationPlatforms) = preSolution
		Debug|Any CPU = Debug|Any CPU
		Release|Any CPU = Release|Any CPU
	EndGlobalSection
	GlobalSection(ProjectConfigurationPlatforms) = postSolution
		{95202D5C-CFD4-449B-A4EF-877A31A8A5ED}.Debug|Any CPU.ActiveCfg = Debug|Any CPU
		{95202D5C-CFD4-449B-A4EF-877A31A8A5ED}.Debug|Any CPU.Build.0 = Debug|Any CPU
		{95202D5C-CFD4-449B-A4EF-877A31A8A5ED}.Release|Any CPU.ActiveCfg = Release|Any CPU
		{95202D5C-CFD4-449B-A4EF-877A31A8A5ED}.Release|Any CPU.Build.0 = Release|Any CPU
	EndGlobalSection
	GlobalSection(SolutionProperties) = preSolution
		HideSolutionNode = FALSE
	EndGlobalSection
	GlobalSection(ExtensibilityGlobals) = postSolution
		SolutionGuid = {D8715C8E-3F6E-4DF9-8240-991DC4D965DB}
	EndGlobalSection
EndGlobal
