
Microsoft Visual Studio Solution File, Format Version 12.00
# Visual Studio Version 17
VisualStudioVersion = 17.10.35027.167
MinimumVisualStudioVersion = 10.0.40219.1
Project("{9A19103F-16F7-4668-BE54-9A1E7A4F7556}") = "PistolaEscalaUnifiedController", "PistolaEscalaUnifiedController.csproj", "{DB2BE35D-AE21-42C8-864B-B744F75B7C1C}"
EndProject
Global
	GlobalSection(SolutionConfigurationPlatforms) = preSolution
		Debug|Any CPU = Debug|Any CPU
		Release|Any CPU = Release|Any CPU
	EndGlobalSection
	GlobalSection(ProjectConfigurationPlatforms) = postSolution
		{DB2BE35D-AE21-42C8-864B-B744F75B7C1C}.Debug|Any CPU.ActiveCfg = Debug|Any CPU
		{DB2BE35D-AE21-42C8-864B-B744F75B7C1C}.Debug|Any CPU.Build.0 = Debug|Any CPU
		{DB2BE35D-AE21-42C8-864B-B744F75B7C1C}.Release|Any CPU.ActiveCfg = Release|Any CPU
		{DB2BE35D-AE21-42C8-864B-B744F75B7C1C}.Release|Any CPU.Build.0 = Release|Any CPU
	EndGlobalSection
	GlobalSection(SolutionProperties) = preSolution
		HideSolutionNode = FALSE
	EndGlobalSection
	GlobalSection(ExtensibilityGlobals) = postSolution
		SolutionGuid = {4DD277CB-234E-460B-B9F0-B67E71378835}
	EndGlobalSection
EndGlobal
