
Microsoft Visual Studio Solution File, Format Version 12.00
# Visual Studio Version 17
VisualStudioVersion = 17.10.35122.118
MinimumVisualStudioVersion = 10.0.40219.1
Project("{9A19103F-16F7-4668-BE54-9A1E7A4F7556}") = "tbladeMotionSimModule", "tbladeMotionSimModule.csproj", "{A6F89CE1-2FEB-4065-AC0B-2D2F18D004D7}"
EndProject
Global
	GlobalSection(SolutionConfigurationPlatforms) = preSolution
		Debug|Any CPU = Debug|Any CPU
		Release|Any CPU = Release|Any CPU
	EndGlobalSection
	GlobalSection(ProjectConfigurationPlatforms) = postSolution
		{A6F89CE1-2FEB-4065-AC0B-2D2F18D004D7}.Debug|Any CPU.ActiveCfg = Debug|Any CPU
		{A6F89CE1-2FEB-4065-AC0B-2D2F18D004D7}.Debug|Any CPU.Build.0 = Debug|Any CPU
		{A6F89CE1-2FEB-4065-AC0B-2D2F18D004D7}.Release|Any CPU.ActiveCfg = Release|Any CPU
		{A6F89CE1-2FEB-4065-AC0B-2D2F18D004D7}.Release|Any CPU.Build.0 = Release|Any CPU
	EndGlobalSection
	GlobalSection(SolutionProperties) = preSolution
		HideSolutionNode = FALSE
	EndGlobalSection
	GlobalSection(ExtensibilityGlobals) = postSolution
		SolutionGuid = {A9413D7B-8BAE-4A85-9826-8247B371DD02}
	EndGlobalSection
EndGlobal
