
Microsoft Visual Studio Solution File, Format Version 12.00
# Visual Studio Version 17
VisualStudioVersion = 17.13.35806.99 d17.13
MinimumVisualStudioVersion = 10.0.40219.1
Project("{FAE04EC0-301F-11D3-BF4B-00C04F79EFBC}") = "orunnersSimModule", "orunnersSimModule.csproj", "{9CDD9435-83BF-7D96-E2AB-756000B28776}"
EndProject
Global
	GlobalSection(SolutionConfigurationPlatforms) = preSolution
		Debug|Any CPU = Debug|Any CPU
		Release|Any CPU = Release|Any CPU
	EndGlobalSection
	GlobalSection(ProjectConfigurationPlatforms) = postSolution
		{9CDD9435-83BF-7D96-E2AB-756000B28776}.Debug|Any CPU.ActiveCfg = Debug|Any CPU
		{9CDD9435-83BF-7D96-E2AB-756000B28776}.Debug|Any CPU.Build.0 = Debug|Any CPU
		{9CDD9435-83BF-7D96-E2AB-756000B28776}.Release|Any CPU.ActiveCfg = Release|Any CPU
		{9CDD9435-83BF-7D96-E2AB-756000B28776}.Release|Any CPU.Build.0 = Release|Any CPU
	EndGlobalSection
	GlobalSection(SolutionProperties) = preSolution
		HideSolutionNode = FALSE
	EndGlobalSection
	GlobalSection(ExtensibilityGlobals) = postSolution
		SolutionGuid = {03DF4B65-739C-434B-AF8F-C8C1D9F90FD9}
	EndGlobalSection
EndGlobal
