
Microsoft Visual Studio Solution File, Format Version 12.00
# Visual Studio Version 17
VisualStudioVersion = 17.10.35027.167
MinimumVisualStudioVersion = 10.0.40219.1
Project("{9A19103F-16F7-4668-BE54-9A1E7A4F7556}") = "mariokartDXSimModule", "mariokartDXSimModule.csproj", "{13E52743-0D15-4339-9826-70C9C8B422E9}"
EndProject
Global
	GlobalSection(SolutionConfigurationPlatforms) = preSolution
		Debug|Any CPU = Debug|Any CPU
		Release|Any CPU = Release|Any CPU
	EndGlobalSection
	GlobalSection(ProjectConfigurationPlatforms) = postSolution
		{13E52743-0D15-4339-9826-70C9C8B422E9}.Debug|Any CPU.ActiveCfg = Debug|Any CPU
		{13E52743-0D15-4339-9826-70C9C8B422E9}.Debug|Any CPU.Build.0 = Debug|Any CPU
		{13E52743-0D15-4339-9826-70C9C8B422E9}.Release|Any CPU.ActiveCfg = Release|Any CPU
		{13E52743-0D15-4339-9826-70C9C8B422E9}.Release|Any CPU.Build.0 = Release|Any CPU
	EndGlobalSection
	GlobalSection(SolutionProperties) = preSolution
		HideSolutionNode = FALSE
	EndGlobalSection
	GlobalSection(ExtensibilityGlobals) = postSolution
		SolutionGuid = {CF6E6C53-2FB3-4144-A059-E0D4C7C90A53}
	EndGlobalSection
EndGlobal
