Microsoft Visual Studio Solution File, Format Version 12.00
# Visual Studio Version 17
VisualStudioVersion = 17.8.34330.188
MinimumVisualStudioVersion = 10.0.40219.1
Project("{9A19103F-16F7-4668-BE54-9A1E7A4F7556}") = "MonkeyIslandWheelModule", "MonkeyIslandWheelModule\MonkeyIslandWheelModule.csproj", "{8251B04F-7188-432C-B1FA-73A3665202E1}"
EndProject
Project("{2150E333-8FDC-42A3-9474-1A3956D46DE8}") = "Solution Items", "Solution Items", "{6A0A9AE3-39C4-4E6C-AA66-A29885AE7C90}"
	ProjectSection(SolutionItems) = preProject
		UGC.targets = UGC.targets
	EndProjectSection
EndProject
Project("{9A19103F-16F7-4668-BE54-9A1E7A4F7556}") = "MultiSampleModules", "MultiSampleModule\MultiSampleModules.csproj", "{9855BD4D-603A-4D09-8B37-0040E50D4917}"
EndProject
Project("{9A19103F-16F7-4668-BE54-9A1E7A4F7556}") = "r360MotionSimModule", "R360MotionSimModule\r360MotionSimModule.csproj", "{C02EC761-84E1-4455-8B9A-927C3A9593D0}"
	ProjectSection(ProjectDependencies) = postProject
		{021A677B-0A2C-4A69-A240-D95F606F2D46} = {021A677B-0A2C-4A69-A240-D95F606F2D46}
		{0418FC85-7B7C-4A66-8D36-7E95B2024D57} = {0418FC85-7B7C-4A66-8D36-7E95B2024D57}
		{0577704C-5602-4228-8203-F091139CE0B0} = {0577704C-5602-4228-8203-F091139CE0B0}
		{117D7228-5095-49E3-9F03-E22C66DEC600} = {117D7228-5095-49E3-9F03-E22C66DEC600}
		{14C94A1B-0EF0-4D5E-9DFF-9DCAA7AA9B74} = {14C94A1B-0EF0-4D5E-9DFF-9DCAA7AA9B74}
		{2168158D-A734-466D-B7FC-7D4870B0045B} = {2168158D-A734-466D-B7FC-7D4870B0045B}
		{228D49B2-9CD7-4D3E-9960-50D6FCFDF385} = {228D49B2-9CD7-4D3E-9960-50D6FCFDF385}
		{22A3C5B0-CD76-4BD8-A451-A1EFD4E2EA3E} = {22A3C5B0-CD76-4BD8-A451-A1EFD4E2EA3E}
		{2660D0F2-5F68-4822-9F7B-673D86045E65} = {2660D0F2-5F68-4822-9F7B-673D86045E65}
		{2C02959F-3771-4704-8859-A47BA027EF1C} = {2C02959F-3771-4704-8859-A47BA027EF1C}
		{3463EA07-6EDD-4B92-8F2A-111E7ED716F5} = {3463EA07-6EDD-4B92-8F2A-111E7ED716F5}
		{38FB6AE9-6417-4761-88A3-1A493550E0E5} = {38FB6AE9-6417-4761-88A3-1A493550E0E5}
		{3FAC1737-A4DE-497D-AF72-4E518DB2C9BE} = {3FAC1737-A4DE-497D-AF72-4E518DB2C9BE}
		{40ADCFB5-ADE8-4C23-B83B-273216D7CA86} = {40ADCFB5-ADE8-4C23-B83B-273216D7CA86}
		{419F2A3D-9131-4C54-B01A-661062978C78} = {419F2A3D-9131-4C54-B01A-661062978C78}
		{459BB599-7021-4227-8570-F699B0104123} = {459BB599-7021-4227-8570-F699B0104123}
		{460BCC4B-6F26-4C05-9A9B-5A0634AF36A3} = {460BCC4B-6F26-4C05-9A9B-5A0634AF36A3}
		{4D9DEE78-6D2D-49C1-9FE2-536BE6F31DE9} = {4D9DEE78-6D2D-49C1-9FE2-536BE6F31DE9}
		{57023EF0-397E-4C22-B94D-B2E8CBDB357F} = {57023EF0-397E-4C22-B94D-B2E8CBDB357F}
		{5E1F6582-27BE-4EFA-9D60-0674A8AA5A0C} = {5E1F6582-27BE-4EFA-9D60-0674A8AA5A0C}
		{600F8C24-649F-45A3-AC5C-4D5C3EEF4853} = {600F8C24-649F-45A3-AC5C-4D5C3EEF4853}
		{636DF837-5180-4819-B3E7-3F371DDB83EC} = {636DF837-5180-4819-B3E7-3F371DDB83EC}
		{67EA4C9F-2CAA-4EF1-8707-DACEEA98756C} = {67EA4C9F-2CAA-4EF1-8707-DACEEA98756C}
		{6E2ADE5D-3FA4-47AD-9219-234A5B20037C} = {6E2ADE5D-3FA4-47AD-9219-234A5B20037C}
		{76E8B992-394F-4E9A-A5C0-518FE82F55AB} = {76E8B992-394F-4E9A-A5C0-518FE82F55AB}
		{83571B42-5949-4591-AE0B-CFB23D8A9DEA} = {83571B42-5949-4591-AE0B-CFB23D8A9DEA}
		{8524EA44-1046-418F-99EA-681BBC8C213A} = {8524EA44-1046-418F-99EA-681BBC8C213A}
		{8AFF9081-9386-4986-8C52-5F45C7C306A4} = {8AFF9081-9386-4986-8C52-5F45C7C306A4}
		{8D21DEF8-F361-4078-8455-8F8ACEB73094} = {8D21DEF8-F361-4078-8455-8F8ACEB73094}
		{95447035-C6D4-48D8-A9B3-17CDC5938659} = {95447035-C6D4-48D8-A9B3-17CDC5938659}
		{B36307D6-49A6-4963-BF96-9E203463608A} = {B36307D6-49A6-4963-BF96-9E203463608A}
		{BA0747DE-4308-4553-9228-7EF298AF7C75} = {BA0747DE-4308-4553-9228-7EF298AF7C75}
		{BA45C59F-1601-4094-8306-10551D054DBF} = {BA45C59F-1601-4094-8306-10551D054DBF}
		{BEA40BEB-43DC-40B7-86DD-AA53D584564E} = {BEA40BEB-43DC-40B7-86DD-AA53D584564E}
		{C481EEF8-8EF2-4C54-98E6-A744B6A12B72} = {C481EEF8-8EF2-4C54-98E6-A744B6A12B72}
		{C53DD925-2CE7-484B-9A5A-E51C93A327C4} = {C53DD925-2CE7-484B-9A5A-E51C93A327C4}
		{C53F8C59-8608-4010-8624-C487564E240A} = {C53F8C59-8608-4010-8624-C487564E240A}
		{DD8C7606-C244-44E2-A070-58D47A639692} = {DD8C7606-C244-44E2-A070-58D47A639692}
		{DF1AA22C-A21B-49AB-A5A9-9806036CB6C4} = {DF1AA22C-A21B-49AB-A5A9-9806036CB6C4}
		{E065AE8D-73F1-4983-B1BE-BF2D42DC77F5} = {E065AE8D-73F1-4983-B1BE-BF2D42DC77F5}
		{E4A818D9-A6A4-4C92-8880-4F8CFF866781} = {E4A818D9-A6A4-4C92-8880-4F8CFF866781}
		{E8E3A192-D4D4-4AEE-A3C3-DA502ECB9E9D} = {E8E3A192-D4D4-4AEE-A3C3-DA502ECB9E9D}
		{ECA03141-83B3-4209-9116-5D962CBBD769} = {ECA03141-83B3-4209-9116-5D962CBBD769}
		{F22BE205-6EC7-424C-A6D6-48486B7D528E} = {F22BE205-6EC7-424C-A6D6-48486B7D528E}
		{F497B48B-29B1-475F-A678-E2194469282D} = {F497B48B-29B1-475F-A678-E2194469282D}
		{FF735894-BC0D-406F-AE43-35AC59DF4ADB} = {FF735894-BC0D-406F-AE43-35AC59DF4ADB}
	EndProjectSection
EndProject
Project("{9A19103F-16F7-4668-BE54-9A1E7A4F7556}") = "ToggleEmissionModule", "ToggleEmission\ToggleEmissionModule.csproj", "{990038FE-1B4A-428F-8FAA-CFE010A95532}"
EndProject
Project("{9A19103F-16F7-4668-BE54-9A1E7A4F7556}") = "aburnerMotionSimModule", "aburnerMotionSimModule\aburnerMotionSimModule.csproj", "{E8E3A192-D4D4-4AEE-A3C3-DA502ECB9E9D}"
EndProject
Project("{9A19103F-16F7-4668-BE54-9A1E7A4F7556}") = "gforce2MotionSimModule", "gforce2MotionSimModule\gforce2MotionSimModule.csproj", "{600F8C24-649F-45A3-AC5C-4D5C3EEF4853}"
EndProject
Project("{9A19103F-16F7-4668-BE54-9A1E7A4F7556}") = "hangonMotionSimModule", "hangonMotionSimModule\hangonMotionSimModule.csproj", "{117D7228-5095-49E3-9F03-E22C66DEC600}"
EndProject
Project("{9A19103F-16F7-4668-BE54-9A1E7A4F7556}") = "sharrierMotionSimModule", "sharrierMotionSimModule\sharrierMotionSimModule.csproj", "{C481EEF8-8EF2-4C54-98E6-A744B6A12B72}"
EndProject
Project("{9A19103F-16F7-4668-BE54-9A1E7A4F7556}") = "outrunMotionSimModule", "outrunMotionSimModule\outrunMotionSimModule.csproj", "{2168158D-A734-466D-B7FC-7D4870B0045B}"
EndProject
Project("{9A19103F-16F7-4668-BE54-9A1E7A4F7556}") = "arcadeControllerMotionSimModule", "arcadeControllerMotionSimModule\arcadeControllerMotionSimModule.csproj", "{76E8B992-394F-4E9A-A5C0-518FE82F55AB}"
EndProject
Project("{9A19103F-16F7-4668-BE54-9A1E7A4F7556}") = "tbladeMotionSimModule", "tbladeMotionSimModule\tbladeMotionSimModule.csproj", "{021A677B-0A2C-4A69-A240-D95F606F2D46}"
EndProject
Project("{9A19103F-16F7-4668-BE54-9A1E7A4F7556}") = "metalhawkMotionSimModule", "metalhawkMotionSimModule\metalhawkMotionSimModule.csproj", "{C53DD925-2CE7-484B-9A5A-E51C93A327C4}"
EndProject
Project("{9A19103F-16F7-4668-BE54-9A1E7A4F7556}") = "radmMotionSimModule", "radmMotionSimModule\radmMotionSimModule.csproj", "{459BB599-7021-4227-8570-F699B0104123}"
EndProject
Project("{9A19103F-16F7-4668-BE54-9A1E7A4F7556}") = "pdriftMotionSimModule", "pdriftMotionSimModule\pdriftMotionSimModule.csproj", "{8AFF9081-9386-4986-8C52-5F45C7C306A4}"
EndProject
Project("{9A19103F-16F7-4668-BE54-9A1E7A4F7556}") = "abcMotionSimModule", "abcMotionSimModule\abcMotionSimModule.csproj", "{4D9DEE78-6D2D-49C1-9FE2-536BE6F31DE9}"
EndProject
Project("{9A19103F-16F7-4668-BE54-9A1E7A4F7556}") = "tapperMotionSimModule", "tapperMotionSimModule\tapperMotionSimModule.csproj", "{ECA03141-83B3-4209-9116-5D962CBBD769}"
EndProject
Project("{9A19103F-16F7-4668-BE54-9A1E7A4F7556}") = "aliensymSimModule", "aliensymSimModule\aliensymSimModule.csproj", "{5E1F6582-27BE-4EFA-9D60-0674A8AA5A0C}"
EndProject
Project("{9A19103F-16F7-4668-BE54-9A1E7A4F7556}") = "apbSimModule", "apbSimModule\apbSimModule.csproj", "{6E2ADE5D-3FA4-47AD-9219-234A5B20037C}"
EndProject
Project("{9A19103F-16F7-4668-BE54-9A1E7A4F7556}") = "chasehqSimModule", "chasehqSimModule\chasehqSimModule.csproj", "{40ADCFB5-ADE8-4C23-B83B-273216D7CA86}"
EndProject
Project("{9A19103F-16F7-4668-BE54-9A1E7A4F7556}") = "beatmaniaLightSimModule", "beatmaniaLightSimModule\beatmaniaLightSimModule.csproj", "{F497B48B-29B1-475F-A678-E2194469282D}"
EndProject
Project("{9A19103F-16F7-4668-BE54-9A1E7A4F7556}") = "ddrLightSimModule", "ddrLightSimModule\ddrLightSimModule.csproj", "{2660D0F2-5F68-4822-9F7B-673D86045E65}"
EndProject
Project("{9A19103F-16F7-4668-BE54-9A1E7A4F7556}") = "chasehq2SimModule", "chasehq2SimModule\chasehq2SimModule.csproj", "{14C94A1B-0EF0-4D5E-9DFF-9DCAA7AA9B74}"
EndProject
Project("{9A19103F-16F7-4668-BE54-9A1E7A4F7556}") = "rracerfSimModule", "rracerfSimModule\rracerfSimModule.csproj", "{DF1AA22C-A21B-49AB-A5A9-9806036CB6C4}"
EndProject
Project("{9A19103F-16F7-4668-BE54-9A1E7A4F7556}") = "id4MotionSimModule", "id4MotionSimModule\id4MotionSimModule.csproj", "{38FB6AE9-6417-4761-88A3-1A493550E0E5}"
EndProject
Project("{9A19103F-16F7-4668-BE54-9A1E7A4F7556}") = "id5MotionSimModule", "id5MotionSimModule\id5MotionSimModule.csproj", "{67EA4C9F-2CAA-4EF1-8707-DACEEA98756C}"
EndProject
Project("{9A19103F-16F7-4668-BE54-9A1E7A4F7556}") = "id6MotionSimModule", "id6MotionSimModule\id6MotionSimModule.csproj", "{8D21DEF8-F361-4078-8455-8F8ACEB73094}"
EndProject
Project("{9A19103F-16F7-4668-BE54-9A1E7A4F7556}") = "manxttMotionSimModule", "manxttMotionSimModule\manxttMotionSimModule.csproj", "{419F2A3D-9131-4C54-B01A-661062978C78}"
EndProject
Project("{9A19103F-16F7-4668-BE54-9A1E7A4F7556}") = "orbsSimModule", "orbsSimModule\orbsSimModule.csproj", "{BA45C59F-1601-4094-8306-10551D054DBF}"
EndProject
Project("{9A19103F-16F7-4668-BE54-9A1E7A4F7556}") = "starbadeSimModule", "starbadeSimModule\starbadeSimModule.csproj", "{95447035-C6D4-48D8-A9B3-17CDC5938659}"
EndProject
Project("{9A19103F-16F7-4668-BE54-9A1E7A4F7556}") = "fzeroaxMotionSimModule", "fzeroaxMotionSimModule\fzeroaxMotionSimModule.csproj", "{636DF837-5180-4819-B3E7-3F371DDB83EC}"
EndProject
Project("{9A19103F-16F7-4668-BE54-9A1E7A4F7556}") = "id3MotionSimModule", "id3MotionSimModule\id3MotionSimModule.csproj", "{57023EF0-397E-4C22-B94D-B2E8CBDB357F}"
EndProject
Project("{9A19103F-16F7-4668-BE54-9A1E7A4F7556}") = "id0MotionSimModule", "id0MotionSimModule\id0MotionSimModule.csproj", "{83571B42-5949-4591-AE0B-CFB23D8A9DEA}"
EndProject
Project("{9A19103F-16F7-4668-BE54-9A1E7A4F7556}") = "id7MotionSimModule", "id7MotionSimModule\id7MotionSimModule.csproj", "{DD8C7606-C244-44E2-A070-58D47A639692}"
EndProject
Project("{9A19103F-16F7-4668-BE54-9A1E7A4F7556}") = "idaMotionSimModule", "idaMotionSimModule\idaMotionSimModule.csproj", "{FF735894-BC0D-406F-AE43-35AC59DF4ADB}"
EndProject
Project("{9A19103F-16F7-4668-BE54-9A1E7A4F7556}") = "id8MotionSimModule", "id8MotionSimModule\id8MotionSimModule.csproj", "{B36307D6-49A6-4963-BF96-9E203463608A}"
EndProject
Project("{9A19103F-16F7-4668-BE54-9A1E7A4F7556}") = "outrun2spMotionSimModule", "outrun2spMotionSimModule\outrun2spMotionSimModule.csproj", "{C53F8C59-8608-4010-8624-C487564E240A}"
EndProject
Project("{9A19103F-16F7-4668-BE54-9A1E7A4F7556}") = "out2MotionSimModule", "outrun2MotionSimModule\out2MotionSimModule.csproj", "{BA0747DE-4308-4553-9228-7EF298AF7C75}"
EndProject
Project("{9A19103F-16F7-4668-BE54-9A1E7A4F7556}") = "sr3MotionSimModule", "sr3MotionSimModule\sr3MotionSimModule.csproj", "{2C02959F-3771-4704-8859-A47BA027EF1C}"
EndProject
Project("{9A19103F-16F7-4668-BE54-9A1E7A4F7556}") = "vfMotionSimModule", "vfMotionSimModule\vfMotionSimModule.csproj", "{8524EA44-1046-418F-99EA-681BBC8C213A}"
EndProject
Project("{9A19103F-16F7-4668-BE54-9A1E7A4F7556}") = "indyMotionSimModule", "indyMotionSimModule\indyMotionSimModule.csproj", "{228D49B2-9CD7-4D3E-9960-50D6FCFDF385}"
EndProject
Project("{9A19103F-16F7-4668-BE54-9A1E7A4F7556}") = "glocMotionSimModule", "glocMotionSimModule\glocMotionSimModule.csproj", "{460BCC4B-6F26-4C05-9A9B-5A0634AF36A3}"
EndProject
Project("{9A19103F-16F7-4668-BE54-9A1E7A4F7556}") = "schasehqSimModule", "schasehqSimModule\schasehqSimModule.csproj", "{22A3C5B0-CD76-4BD8-A451-A1EFD4E2EA3E}"
EndProject
Project("{9A19103F-16F7-4668-BE54-9A1E7A4F7556}") = "fullthrlMotionSimModule", "fullthrlMotionSimModule\fullthrlMotionSimModule.csproj", "{0577704C-5602-4228-8203-F091139CE0B0}"
EndProject
Project("{9A19103F-16F7-4668-BE54-9A1E7A4F7556}") = "motoraidMotionSimModule", "motoraidMotionSimModule\motoraidMotionSimModule.csproj", "{E065AE8D-73F1-4983-B1BE-BF2D42DC77F5}"
EndProject
Project("{9A19103F-16F7-4668-BE54-9A1E7A4F7556}") = "nfshtMotionSimModule", "nfshtMotionSimModule\nfshtMotionSimModule.csproj", "{3FAC1737-A4DE-497D-AF72-4E518DB2C9BE}"
EndProject
Project("{9A19103F-16F7-4668-BE54-9A1E7A4F7556}") = "blockbusterModule", "BlockbusterModule\blockbusterModule.csproj", "{3463EA07-6EDD-4B92-8F2A-111E7ED716F5}"
EndProject
Project("{FAE04EC0-301F-11D3-BF4B-00C04F79EFBC}") = "shangonMotionSimModule", "shangonMotionSimModule\shangonMotionSimModule.csproj", "{F22BE205-6EC7-424C-A6D6-48486B7D528E}"
EndProject
Project("{FAE04EC0-301F-11D3-BF4B-00C04F79EFBC}") = "weclemansMotionSimModule", "weclemansMotionSimModule\weclemansMotionSimModule.csproj", "{BEA40BEB-43DC-40B7-86DD-AA53D584564E}"
EndProject
Project("{FAE04EC0-301F-11D3-BF4B-00C04F79EFBC}") = "swbpodSimModule", "swbpodSimModule\swbpodSimModule.csproj", "{E4A818D9-A6A4-4C92-8880-4F8CFF866781}"
EndProject
Project("{FAE04EC0-301F-11D3-BF4B-00C04F79EFBC}") = "machstormSimModule", "machstormSimModule\machstormSimModule.csproj", "{0418FC85-7B7C-4A66-8D36-7E95B2024D57}"
EndProject
Project("{FAE04EC0-301F-11D3-BF4B-00C04F79EFBC}") = "virtuaracingSimModule", "virtuaracingSimModule\virtuaracingSimModule.csproj", "{574E8507-63B2-4A8C-A245-2FC9A677065F}"
EndProject
Project("{FAE04EC0-301F-11D3-BF4B-00C04F79EFBC}") = "fzeroaxdeluxeMotionSimModule", "fzeroaxdeluxeMotionSimModule\fzeroaxdeluxeMotionSimModule.csproj", "{803FB515-2D21-4841-8473-B7A9C4F193B2}"
EndProject
Global
	GlobalSection(SolutionConfigurationPlatforms) = preSolution
		Debug|Any CPU = Debug|Any CPU
		Release|Any CPU = Release|Any CPU
	EndGlobalSection
	GlobalSection(ProjectConfigurationPlatforms) = postSolution
		{8251B04F-7188-432C-B1FA-73A3665202E1}.Debug|Any CPU.ActiveCfg = Debug|Any CPU
		{8251B04F-7188-432C-B1FA-73A3665202E1}.Debug|Any CPU.Build.0 = Debug|Any CPU
		{8251B04F-7188-432C-B1FA-73A3665202E1}.Release|Any CPU.ActiveCfg = Release|Any CPU
		{8251B04F-7188-432C-B1FA-73A3665202E1}.Release|Any CPU.Build.0 = Release|Any CPU
		{9855BD4D-603A-4D09-8B37-0040E50D4917}.Debug|Any CPU.ActiveCfg = Debug|Any CPU
		{9855BD4D-603A-4D09-8B37-0040E50D4917}.Debug|Any CPU.Build.0 = Debug|Any CPU
		{9855BD4D-603A-4D09-8B37-0040E50D4917}.Release|Any CPU.ActiveCfg = Release|Any CPU
		{9855BD4D-603A-4D09-8B37-0040E50D4917}.Release|Any CPU.Build.0 = Release|Any CPU
		{C02EC761-84E1-4455-8B9A-927C3A9593D0}.Debug|Any CPU.ActiveCfg = Debug|Any CPU
		{C02EC761-84E1-4455-8B9A-927C3A9593D0}.Debug|Any CPU.Build.0 = Debug|Any CPU
		{C02EC761-84E1-4455-8B9A-927C3A9593D0}.Release|Any CPU.ActiveCfg = Release|Any CPU
		{C02EC761-84E1-4455-8B9A-927C3A9593D0}.Release|Any CPU.Build.0 = Release|Any CPU
		{990038FE-1B4A-428F-8FAA-CFE010A95532}.Debug|Any CPU.ActiveCfg = Debug|Any CPU
		{990038FE-1B4A-428F-8FAA-CFE010A95532}.Debug|Any CPU.Build.0 = Debug|Any CPU
		{990038FE-1B4A-428F-8FAA-CFE010A95532}.Release|Any CPU.ActiveCfg = Release|Any CPU
		{990038FE-1B4A-428F-8FAA-CFE010A95532}.Release|Any CPU.Build.0 = Release|Any CPU
		{E8E3A192-D4D4-4AEE-A3C3-DA502ECB9E9D}.Debug|Any CPU.ActiveCfg = Debug|Any CPU
		{E8E3A192-D4D4-4AEE-A3C3-DA502ECB9E9D}.Debug|Any CPU.Build.0 = Debug|Any CPU
		{E8E3A192-D4D4-4AEE-A3C3-DA502ECB9E9D}.Release|Any CPU.ActiveCfg = Release|Any CPU
		{E8E3A192-D4D4-4AEE-A3C3-DA502ECB9E9D}.Release|Any CPU.Build.0 = Release|Any CPU
		{600F8C24-649F-45A3-AC5C-4D5C3EEF4853}.Debug|Any CPU.ActiveCfg = Debug|Any CPU
		{600F8C24-649F-45A3-AC5C-4D5C3EEF4853}.Debug|Any CPU.Build.0 = Debug|Any CPU
		{600F8C24-649F-45A3-AC5C-4D5C3EEF4853}.Release|Any CPU.ActiveCfg = Release|Any CPU
		{600F8C24-649F-45A3-AC5C-4D5C3EEF4853}.Release|Any CPU.Build.0 = Release|Any CPU
		{117D7228-5095-49E3-9F03-E22C66DEC600}.Debug|Any CPU.ActiveCfg = Debug|Any CPU
		{117D7228-5095-49E3-9F03-E22C66DEC600}.Debug|Any CPU.Build.0 = Debug|Any CPU
		{117D7228-5095-49E3-9F03-E22C66DEC600}.Release|Any CPU.ActiveCfg = Release|Any CPU
		{117D7228-5095-49E3-9F03-E22C66DEC600}.Release|Any CPU.Build.0 = Release|Any CPU
		{C481EEF8-8EF2-4C54-98E6-A744B6A12B72}.Debug|Any CPU.ActiveCfg = Debug|Any CPU
		{C481EEF8-8EF2-4C54-98E6-A744B6A12B72}.Debug|Any CPU.Build.0 = Debug|Any CPU
		{C481EEF8-8EF2-4C54-98E6-A744B6A12B72}.Release|Any CPU.ActiveCfg = Release|Any CPU
		{C481EEF8-8EF2-4C54-98E6-A744B6A12B72}.Release|Any CPU.Build.0 = Release|Any CPU
		{2168158D-A734-466D-B7FC-7D4870B0045B}.Debug|Any CPU.ActiveCfg = Debug|Any CPU
		{2168158D-A734-466D-B7FC-7D4870B0045B}.Debug|Any CPU.Build.0 = Debug|Any CPU
		{2168158D-A734-466D-B7FC-7D4870B0045B}.Release|Any CPU.ActiveCfg = Release|Any CPU
		{2168158D-A734-466D-B7FC-7D4870B0045B}.Release|Any CPU.Build.0 = Release|Any CPU
		{76E8B992-394F-4E9A-A5C0-518FE82F55AB}.Debug|Any CPU.ActiveCfg = Debug|Any CPU
		{76E8B992-394F-4E9A-A5C0-518FE82F55AB}.Debug|Any CPU.Build.0 = Debug|Any CPU
		{76E8B992-394F-4E9A-A5C0-518FE82F55AB}.Release|Any CPU.ActiveCfg = Release|Any CPU
		{76E8B992-394F-4E9A-A5C0-518FE82F55AB}.Release|Any CPU.Build.0 = Release|Any CPU
		{021A677B-0A2C-4A69-A240-D95F606F2D46}.Debug|Any CPU.ActiveCfg = Debug|Any CPU
		{021A677B-0A2C-4A69-A240-D95F606F2D46}.Debug|Any CPU.Build.0 = Debug|Any CPU
		{021A677B-0A2C-4A69-A240-D95F606F2D46}.Release|Any CPU.ActiveCfg = Release|Any CPU
		{021A677B-0A2C-4A69-A240-D95F606F2D46}.Release|Any CPU.Build.0 = Release|Any CPU
		{C53DD925-2CE7-484B-9A5A-E51C93A327C4}.Debug|Any CPU.ActiveCfg = Debug|Any CPU
		{C53DD925-2CE7-484B-9A5A-E51C93A327C4}.Debug|Any CPU.Build.0 = Debug|Any CPU
		{C53DD925-2CE7-484B-9A5A-E51C93A327C4}.Release|Any CPU.ActiveCfg = Release|Any CPU
		{C53DD925-2CE7-484B-9A5A-E51C93A327C4}.Release|Any CPU.Build.0 = Release|Any CPU
		{459BB599-7021-4227-8570-F699B0104123}.Debug|Any CPU.ActiveCfg = Debug|Any CPU
		{459BB599-7021-4227-8570-F699B0104123}.Debug|Any CPU.Build.0 = Debug|Any CPU
		{459BB599-7021-4227-8570-F699B0104123}.Release|Any CPU.ActiveCfg = Release|Any CPU
		{459BB599-7021-4227-8570-F699B0104123}.Release|Any CPU.Build.0 = Release|Any CPU
		{8AFF9081-9386-4986-8C52-5F45C7C306A4}.Debug|Any CPU.ActiveCfg = Debug|Any CPU
		{8AFF9081-9386-4986-8C52-5F45C7C306A4}.Debug|Any CPU.Build.0 = Debug|Any CPU
		{8AFF9081-9386-4986-8C52-5F45C7C306A4}.Release|Any CPU.ActiveCfg = Release|Any CPU
		{8AFF9081-9386-4986-8C52-5F45C7C306A4}.Release|Any CPU.Build.0 = Release|Any CPU
		{4D9DEE78-6D2D-49C1-9FE2-536BE6F31DE9}.Debug|Any CPU.ActiveCfg = Debug|Any CPU
		{4D9DEE78-6D2D-49C1-9FE2-536BE6F31DE9}.Debug|Any CPU.Build.0 = Debug|Any CPU
		{4D9DEE78-6D2D-49C1-9FE2-536BE6F31DE9}.Release|Any CPU.ActiveCfg = Release|Any CPU
		{4D9DEE78-6D2D-49C1-9FE2-536BE6F31DE9}.Release|Any CPU.Build.0 = Release|Any CPU
		{ECA03141-83B3-4209-9116-5D962CBBD769}.Debug|Any CPU.ActiveCfg = Debug|Any CPU
		{ECA03141-83B3-4209-9116-5D962CBBD769}.Debug|Any CPU.Build.0 = Debug|Any CPU
		{ECA03141-83B3-4209-9116-5D962CBBD769}.Release|Any CPU.ActiveCfg = Release|Any CPU
		{ECA03141-83B3-4209-9116-5D962CBBD769}.Release|Any CPU.Build.0 = Release|Any CPU
		{5E1F6582-27BE-4EFA-9D60-0674A8AA5A0C}.Debug|Any CPU.ActiveCfg = Debug|Any CPU
		{5E1F6582-27BE-4EFA-9D60-0674A8AA5A0C}.Debug|Any CPU.Build.0 = Debug|Any CPU
		{5E1F6582-27BE-4EFA-9D60-0674A8AA5A0C}.Release|Any CPU.ActiveCfg = Release|Any CPU
		{5E1F6582-27BE-4EFA-9D60-0674A8AA5A0C}.Release|Any CPU.Build.0 = Release|Any CPU
		{6E2ADE5D-3FA4-47AD-9219-234A5B20037C}.Debug|Any CPU.ActiveCfg = Debug|Any CPU
		{6E2ADE5D-3FA4-47AD-9219-234A5B20037C}.Debug|Any CPU.Build.0 = Debug|Any CPU
		{6E2ADE5D-3FA4-47AD-9219-234A5B20037C}.Release|Any CPU.ActiveCfg = Release|Any CPU
		{6E2ADE5D-3FA4-47AD-9219-234A5B20037C}.Release|Any CPU.Build.0 = Release|Any CPU
		{40ADCFB5-ADE8-4C23-B83B-273216D7CA86}.Debug|Any CPU.ActiveCfg = Debug|Any CPU
		{40ADCFB5-ADE8-4C23-B83B-273216D7CA86}.Debug|Any CPU.Build.0 = Debug|Any CPU
		{40ADCFB5-ADE8-4C23-B83B-273216D7CA86}.Release|Any CPU.ActiveCfg = Release|Any CPU
		{40ADCFB5-ADE8-4C23-B83B-273216D7CA86}.Release|Any CPU.Build.0 = Release|Any CPU
		{F497B48B-29B1-475F-A678-E2194469282D}.Debug|Any CPU.ActiveCfg = Debug|Any CPU
		{F497B48B-29B1-475F-A678-E2194469282D}.Debug|Any CPU.Build.0 = Debug|Any CPU
		{F497B48B-29B1-475F-A678-E2194469282D}.Release|Any CPU.ActiveCfg = Release|Any CPU
		{F497B48B-29B1-475F-A678-E2194469282D}.Release|Any CPU.Build.0 = Release|Any CPU
		{2660D0F2-5F68-4822-9F7B-673D86045E65}.Debug|Any CPU.ActiveCfg = Debug|Any CPU
		{2660D0F2-5F68-4822-9F7B-673D86045E65}.Debug|Any CPU.Build.0 = Debug|Any CPU
		{2660D0F2-5F68-4822-9F7B-673D86045E65}.Release|Any CPU.ActiveCfg = Release|Any CPU
		{2660D0F2-5F68-4822-9F7B-673D86045E65}.Release|Any CPU.Build.0 = Release|Any CPU
		{14C94A1B-0EF0-4D5E-9DFF-9DCAA7AA9B74}.Debug|Any CPU.ActiveCfg = Debug|Any CPU
		{14C94A1B-0EF0-4D5E-9DFF-9DCAA7AA9B74}.Debug|Any CPU.Build.0 = Debug|Any CPU
		{14C94A1B-0EF0-4D5E-9DFF-9DCAA7AA9B74}.Release|Any CPU.ActiveCfg = Release|Any CPU
		{14C94A1B-0EF0-4D5E-9DFF-9DCAA7AA9B74}.Release|Any CPU.Build.0 = Release|Any CPU
		{DF1AA22C-A21B-49AB-A5A9-9806036CB6C4}.Debug|Any CPU.ActiveCfg = Debug|Any CPU
		{DF1AA22C-A21B-49AB-A5A9-9806036CB6C4}.Debug|Any CPU.Build.0 = Debug|Any CPU
		{DF1AA22C-A21B-49AB-A5A9-9806036CB6C4}.Release|Any CPU.ActiveCfg = Release|Any CPU
		{DF1AA22C-A21B-49AB-A5A9-9806036CB6C4}.Release|Any CPU.Build.0 = Release|Any CPU
		{38FB6AE9-6417-4761-88A3-1A493550E0E5}.Debug|Any CPU.ActiveCfg = Debug|Any CPU
		{38FB6AE9-6417-4761-88A3-1A493550E0E5}.Debug|Any CPU.Build.0 = Debug|Any CPU
		{38FB6AE9-6417-4761-88A3-1A493550E0E5}.Release|Any CPU.ActiveCfg = Release|Any CPU
		{38FB6AE9-6417-4761-88A3-1A493550E0E5}.Release|Any CPU.Build.0 = Release|Any CPU
		{67EA4C9F-2CAA-4EF1-8707-DACEEA98756C}.Debug|Any CPU.ActiveCfg = Debug|Any CPU
		{67EA4C9F-2CAA-4EF1-8707-DACEEA98756C}.Debug|Any CPU.Build.0 = Debug|Any CPU
		{67EA4C9F-2CAA-4EF1-8707-DACEEA98756C}.Release|Any CPU.ActiveCfg = Release|Any CPU
		{67EA4C9F-2CAA-4EF1-8707-DACEEA98756C}.Release|Any CPU.Build.0 = Release|Any CPU
		{8D21DEF8-F361-4078-8455-8F8ACEB73094}.Debug|Any CPU.ActiveCfg = Debug|Any CPU
		{8D21DEF8-F361-4078-8455-8F8ACEB73094}.Debug|Any CPU.Build.0 = Debug|Any CPU
		{8D21DEF8-F361-4078-8455-8F8ACEB73094}.Release|Any CPU.ActiveCfg = Release|Any CPU
		{8D21DEF8-F361-4078-8455-8F8ACEB73094}.Release|Any CPU.Build.0 = Release|Any CPU
		{419F2A3D-9131-4C54-B01A-661062978C78}.Debug|Any CPU.ActiveCfg = Debug|Any CPU
		{419F2A3D-9131-4C54-B01A-661062978C78}.Debug|Any CPU.Build.0 = Debug|Any CPU
		{419F2A3D-9131-4C54-B01A-661062978C78}.Release|Any CPU.ActiveCfg = Release|Any CPU
		{419F2A3D-9131-4C54-B01A-661062978C78}.Release|Any CPU.Build.0 = Release|Any CPU
		{BA45C59F-1601-4094-8306-10551D054DBF}.Debug|Any CPU.ActiveCfg = Debug|Any CPU
		{BA45C59F-1601-4094-8306-10551D054DBF}.Debug|Any CPU.Build.0 = Debug|Any CPU
		{BA45C59F-1601-4094-8306-10551D054DBF}.Release|Any CPU.ActiveCfg = Release|Any CPU
		{BA45C59F-1601-4094-8306-10551D054DBF}.Release|Any CPU.Build.0 = Release|Any CPU
		{95447035-C6D4-48D8-A9B3-17CDC5938659}.Debug|Any CPU.ActiveCfg = Debug|Any CPU
		{95447035-C6D4-48D8-A9B3-17CDC5938659}.Debug|Any CPU.Build.0 = Debug|Any CPU
		{95447035-C6D4-48D8-A9B3-17CDC5938659}.Release|Any CPU.ActiveCfg = Release|Any CPU
		{95447035-C6D4-48D8-A9B3-17CDC5938659}.Release|Any CPU.Build.0 = Release|Any CPU
		{636DF837-5180-4819-B3E7-3F371DDB83EC}.Debug|Any CPU.ActiveCfg = Debug|Any CPU
		{636DF837-5180-4819-B3E7-3F371DDB83EC}.Debug|Any CPU.Build.0 = Debug|Any CPU
		{636DF837-5180-4819-B3E7-3F371DDB83EC}.Release|Any CPU.ActiveCfg = Release|Any CPU
		{636DF837-5180-4819-B3E7-3F371DDB83EC}.Release|Any CPU.Build.0 = Release|Any CPU
		{57023EF0-397E-4C22-B94D-B2E8CBDB357F}.Debug|Any CPU.ActiveCfg = Debug|Any CPU
		{57023EF0-397E-4C22-B94D-B2E8CBDB357F}.Debug|Any CPU.Build.0 = Debug|Any CPU
		{57023EF0-397E-4C22-B94D-B2E8CBDB357F}.Release|Any CPU.ActiveCfg = Release|Any CPU
		{57023EF0-397E-4C22-B94D-B2E8CBDB357F}.Release|Any CPU.Build.0 = Release|Any CPU
		{83571B42-5949-4591-AE0B-CFB23D8A9DEA}.Debug|Any CPU.ActiveCfg = Debug|Any CPU
		{83571B42-5949-4591-AE0B-CFB23D8A9DEA}.Debug|Any CPU.Build.0 = Debug|Any CPU
		{83571B42-5949-4591-AE0B-CFB23D8A9DEA}.Release|Any CPU.ActiveCfg = Release|Any CPU
		{83571B42-5949-4591-AE0B-CFB23D8A9DEA}.Release|Any CPU.Build.0 = Release|Any CPU
		{DD8C7606-C244-44E2-A070-58D47A639692}.Debug|Any CPU.ActiveCfg = Debug|Any CPU
		{DD8C7606-C244-44E2-A070-58D47A639692}.Debug|Any CPU.Build.0 = Debug|Any CPU
		{DD8C7606-C244-44E2-A070-58D47A639692}.Release|Any CPU.ActiveCfg = Release|Any CPU
		{DD8C7606-C244-44E2-A070-58D47A639692}.Release|Any CPU.Build.0 = Release|Any CPU
		{FF735894-BC0D-406F-AE43-35AC59DF4ADB}.Debug|Any CPU.ActiveCfg = Debug|Any CPU
		{FF735894-BC0D-406F-AE43-35AC59DF4ADB}.Debug|Any CPU.Build.0 = Debug|Any CPU
		{FF735894-BC0D-406F-AE43-35AC59DF4ADB}.Release|Any CPU.ActiveCfg = Release|Any CPU
		{FF735894-BC0D-406F-AE43-35AC59DF4ADB}.Release|Any CPU.Build.0 = Release|Any CPU
		{B36307D6-49A6-4963-BF96-9E203463608A}.Debug|Any CPU.ActiveCfg = Debug|Any CPU
		{B36307D6-49A6-4963-BF96-9E203463608A}.Debug|Any CPU.Build.0 = Debug|Any CPU
		{B36307D6-49A6-4963-BF96-9E203463608A}.Release|Any CPU.ActiveCfg = Release|Any CPU
		{B36307D6-49A6-4963-BF96-9E203463608A}.Release|Any CPU.Build.0 = Release|Any CPU
		{C53F8C59-8608-4010-8624-C487564E240A}.Debug|Any CPU.ActiveCfg = Debug|Any CPU
		{C53F8C59-8608-4010-8624-C487564E240A}.Debug|Any CPU.Build.0 = Debug|Any CPU
		{C53F8C59-8608-4010-8624-C487564E240A}.Release|Any CPU.ActiveCfg = Release|Any CPU
		{C53F8C59-8608-4010-8624-C487564E240A}.Release|Any CPU.Build.0 = Release|Any CPU
		{BA0747DE-4308-4553-9228-7EF298AF7C75}.Debug|Any CPU.ActiveCfg = Debug|Any CPU
		{BA0747DE-4308-4553-9228-7EF298AF7C75}.Debug|Any CPU.Build.0 = Debug|Any CPU
		{BA0747DE-4308-4553-9228-7EF298AF7C75}.Release|Any CPU.ActiveCfg = Release|Any CPU
		{BA0747DE-4308-4553-9228-7EF298AF7C75}.Release|Any CPU.Build.0 = Release|Any CPU
		{2C02959F-3771-4704-8859-A47BA027EF1C}.Debug|Any CPU.ActiveCfg = Debug|Any CPU
		{2C02959F-3771-4704-8859-A47BA027EF1C}.Debug|Any CPU.Build.0 = Debug|Any CPU
		{2C02959F-3771-4704-8859-A47BA027EF1C}.Release|Any CPU.ActiveCfg = Release|Any CPU
		{2C02959F-3771-4704-8859-A47BA027EF1C}.Release|Any CPU.Build.0 = Release|Any CPU
		{8524EA44-1046-418F-99EA-681BBC8C213A}.Debug|Any CPU.ActiveCfg = Debug|Any CPU
		{8524EA44-1046-418F-99EA-681BBC8C213A}.Debug|Any CPU.Build.0 = Debug|Any CPU
		{8524EA44-1046-418F-99EA-681BBC8C213A}.Release|Any CPU.ActiveCfg = Release|Any CPU
		{8524EA44-1046-418F-99EA-681BBC8C213A}.Release|Any CPU.Build.0 = Release|Any CPU
		{228D49B2-9CD7-4D3E-9960-50D6FCFDF385}.Debug|Any CPU.ActiveCfg = Debug|Any CPU
		{228D49B2-9CD7-4D3E-9960-50D6FCFDF385}.Debug|Any CPU.Build.0 = Debug|Any CPU
		{228D49B2-9CD7-4D3E-9960-50D6FCFDF385}.Release|Any CPU.ActiveCfg = Release|Any CPU
		{228D49B2-9CD7-4D3E-9960-50D6FCFDF385}.Release|Any CPU.Build.0 = Release|Any CPU
		{460BCC4B-6F26-4C05-9A9B-5A0634AF36A3}.Debug|Any CPU.ActiveCfg = Debug|Any CPU
		{460BCC4B-6F26-4C05-9A9B-5A0634AF36A3}.Debug|Any CPU.Build.0 = Debug|Any CPU
		{460BCC4B-6F26-4C05-9A9B-5A0634AF36A3}.Release|Any CPU.ActiveCfg = Release|Any CPU
		{460BCC4B-6F26-4C05-9A9B-5A0634AF36A3}.Release|Any CPU.Build.0 = Release|Any CPU
		{22A3C5B0-CD76-4BD8-A451-A1EFD4E2EA3E}.Debug|Any CPU.ActiveCfg = Debug|Any CPU
		{22A3C5B0-CD76-4BD8-A451-A1EFD4E2EA3E}.Debug|Any CPU.Build.0 = Debug|Any CPU
		{22A3C5B0-CD76-4BD8-A451-A1EFD4E2EA3E}.Release|Any CPU.ActiveCfg = Release|Any CPU
		{22A3C5B0-CD76-4BD8-A451-A1EFD4E2EA3E}.Release|Any CPU.Build.0 = Release|Any CPU
		{0577704C-5602-4228-8203-F091139CE0B0}.Debug|Any CPU.ActiveCfg = Debug|Any CPU
		{0577704C-5602-4228-8203-F091139CE0B0}.Debug|Any CPU.Build.0 = Debug|Any CPU
		{0577704C-5602-4228-8203-F091139CE0B0}.Release|Any CPU.ActiveCfg = Release|Any CPU
		{0577704C-5602-4228-8203-F091139CE0B0}.Release|Any CPU.Build.0 = Release|Any CPU
		{E065AE8D-73F1-4983-B1BE-BF2D42DC77F5}.Debug|Any CPU.ActiveCfg = Debug|Any CPU
		{E065AE8D-73F1-4983-B1BE-BF2D42DC77F5}.Debug|Any CPU.Build.0 = Debug|Any CPU
		{E065AE8D-73F1-4983-B1BE-BF2D42DC77F5}.Release|Any CPU.ActiveCfg = Release|Any CPU
		{E065AE8D-73F1-4983-B1BE-BF2D42DC77F5}.Release|Any CPU.Build.0 = Release|Any CPU
		{3FAC1737-A4DE-497D-AF72-4E518DB2C9BE}.Debug|Any CPU.ActiveCfg = Debug|Any CPU
		{3FAC1737-A4DE-497D-AF72-4E518DB2C9BE}.Debug|Any CPU.Build.0 = Debug|Any CPU
		{3FAC1737-A4DE-497D-AF72-4E518DB2C9BE}.Release|Any CPU.ActiveCfg = Release|Any CPU
		{3FAC1737-A4DE-497D-AF72-4E518DB2C9BE}.Release|Any CPU.Build.0 = Release|Any CPU
		{3463EA07-6EDD-4B92-8F2A-111E7ED716F5}.Debug|Any CPU.ActiveCfg = Debug|Any CPU
		{3463EA07-6EDD-4B92-8F2A-111E7ED716F5}.Debug|Any CPU.Build.0 = Debug|Any CPU
		{3463EA07-6EDD-4B92-8F2A-111E7ED716F5}.Release|Any CPU.ActiveCfg = Release|Any CPU
		{3463EA07-6EDD-4B92-8F2A-111E7ED716F5}.Release|Any CPU.Build.0 = Release|Any CPU
		{F22BE205-6EC7-424C-A6D6-48486B7D528E}.Debug|Any CPU.ActiveCfg = Debug|Any CPU
		{F22BE205-6EC7-424C-A6D6-48486B7D528E}.Debug|Any CPU.Build.0 = Debug|Any CPU
		{F22BE205-6EC7-424C-A6D6-48486B7D528E}.Release|Any CPU.ActiveCfg = Release|Any CPU
		{F22BE205-6EC7-424C-A6D6-48486B7D528E}.Release|Any CPU.Build.0 = Release|Any CPU
		{BEA40BEB-43DC-40B7-86DD-AA53D584564E}.Debug|Any CPU.ActiveCfg = Debug|Any CPU
		{BEA40BEB-43DC-40B7-86DD-AA53D584564E}.Debug|Any CPU.Build.0 = Debug|Any CPU
		{BEA40BEB-43DC-40B7-86DD-AA53D584564E}.Release|Any CPU.ActiveCfg = Release|Any CPU
		{BEA40BEB-43DC-40B7-86DD-AA53D584564E}.Release|Any CPU.Build.0 = Release|Any CPU
		{E4A818D9-A6A4-4C92-8880-4F8CFF866781}.Debug|Any CPU.ActiveCfg = Debug|Any CPU
		{E4A818D9-A6A4-4C92-8880-4F8CFF866781}.Debug|Any CPU.Build.0 = Debug|Any CPU
		{E4A818D9-A6A4-4C92-8880-4F8CFF866781}.Release|Any CPU.ActiveCfg = Release|Any CPU
		{E4A818D9-A6A4-4C92-8880-4F8CFF866781}.Release|Any CPU.Build.0 = Release|Any CPU
		{0418FC85-7B7C-4A66-8D36-7E95B2024D57}.Debug|Any CPU.ActiveCfg = Debug|Any CPU
		{0418FC85-7B7C-4A66-8D36-7E95B2024D57}.Debug|Any CPU.Build.0 = Debug|Any CPU
		{0418FC85-7B7C-4A66-8D36-7E95B2024D57}.Release|Any CPU.ActiveCfg = Release|Any CPU
		{0418FC85-7B7C-4A66-8D36-7E95B2024D57}.Release|Any CPU.Build.0 = Release|Any CPU
		{574E8507-63B2-4A8C-A245-2FC9A677065F}.Debug|Any CPU.ActiveCfg = Debug|Any CPU
		{574E8507-63B2-4A8C-A245-2FC9A677065F}.Debug|Any CPU.Build.0 = Debug|Any CPU
		{574E8507-63B2-4A8C-A245-2FC9A677065F}.Release|Any CPU.ActiveCfg = Release|Any CPU
		{574E8507-63B2-4A8C-A245-2FC9A677065F}.Release|Any CPU.Build.0 = Release|Any CPU
		{803FB515-2D21-4841-8473-B7A9C4F193B2}.Debug|Any CPU.ActiveCfg = Debug|Any CPU
		{803FB515-2D21-4841-8473-B7A9C4F193B2}.Debug|Any CPU.Build.0 = Debug|Any CPU
		{803FB515-2D21-4841-8473-B7A9C4F193B2}.Release|Any CPU.ActiveCfg = Release|Any CPU
		{803FB515-2D21-4841-8473-B7A9C4F193B2}.Release|Any CPU.Build.0 = Release|Any CPU
	EndGlobalSection
	GlobalSection(SolutionProperties) = preSolution
		HideSolutionNode = FALSE
	EndGlobalSection
	GlobalSection(ExtensibilityGlobals) = postSolution
		SolutionGuid = {2F12A516-12D8-4578-A376-EC4ADBE5C210}
	EndGlobalSection
EndGlobal
